
Microsoft Visual Studio Solution File, Format Version 12.00
# Visual Studio Version 17
VisualStudioVersion = 17.7.34031.279
MinimumVisualStudioVersion = 10.0.40219.1
Project("{9A19103F-16F7-4668-BE54-9A1E7A4F7556}") = "TaskProgramming", "TaskProgramming\TaskProgramming.csproj", "{A5EC1A16-8DBE-4114-89A1-5CC61AC031E3}"
EndProject
Project("{FAE04EC0-301F-11D3-BF4B-00C04F79EFBC}") = "DataSharing&Synchronization", "DataSharing&Sunchronization\DataSharing&Synchronization.csproj", "{F4CED894-CD79-4530-8FDC-9B9082C8C3D2}"
EndProject
Global
	GlobalSection(SolutionConfigurationPlatforms) = preSolution
		Debug|Any CPU = Debug|Any CPU
		Release|Any CPU = Release|Any CPU
	EndGlobalSection
	GlobalSection(ProjectConfigurationPlatforms) = postSolution
		{A5EC1A16-8DBE-4114-89A1-5CC61AC031E3}.Debug|Any CPU.ActiveCfg = Debug|Any CPU
		{A5EC1A16-8DBE-4114-89A1-5CC61AC031E3}.Debug|Any CPU.Build.0 = Debug|Any CPU
		{A5EC1A16-8DBE-4114-89A1-5CC61AC031E3}.Release|Any CPU.ActiveCfg = Release|Any CPU
		{A5EC1A16-8DBE-4114-89A1-5CC61AC031E3}.Release|Any CPU.Build.0 = Release|Any CPU
		{F4CED894-CD79-4530-8FDC-9B9082C8C3D2}.Debug|Any CPU.ActiveCfg = Debug|Any CPU
		{F4CED894-CD79-4530-8FDC-9B9082C8C3D2}.Debug|Any CPU.Build.0 = Debug|Any CPU
		{F4CED894-CD79-4530-8FDC-9B9082C8C3D2}.Release|Any CPU.ActiveCfg = Release|Any CPU
		{F4CED894-CD79-4530-8FDC-9B9082C8C3D2}.Release|Any CPU.Build.0 = Release|Any CPU
	EndGlobalSection
	GlobalSection(SolutionProperties) = preSolution
		HideSolutionNode = FALSE
	EndGlobalSection
	GlobalSection(ExtensibilityGlobals) = postSolution
		SolutionGuid = {1421CCD1-F7B8-499E-86CF-B0D98543A059}
	EndGlobalSection
EndGlobal
